
Microsoft Visual Studio Solution File, Format Version 12.00
# Visual Studio Version 16
VisualStudioVersion = 16.0.29326.143
MinimumVisualStudioVersion = 10.0.40219.1
Project("{9A19103F-16F7-4668-BE54-9A1E7A4F7556}") = "ProjectTracker", "ProjectTracker\ProjectTracker.csproj", "{E03AA6F1-68A6-4044-B7DA-784C4A119391}"
EndProject
Project("{9A19103F-16F7-4668-BE54-9A1E7A4F7556}") = "DataLibrary", "DataLibrary\DataLibrary.csproj", "{42434C43-3F4B-48BE-8B3D-073E2A295B1E}"
EndProject
Project("{00D1A9C2-B5F0-4AF3-8072-F6C62B433612}") = "ProjectTrackerDB", "ProjectTrackerDB\ProjectTrackerDB.sqlproj", "{E1BC50F4-E59A-4CA7-88B9-23E6129D1C2B}"
EndProject
Global
	GlobalSection(SolutionConfigurationPlatforms) = preSolution
		Debug|Any CPU = Debug|Any CPU
		Release|Any CPU = Release|Any CPU
	EndGlobalSection
	GlobalSection(ProjectConfigurationPlatforms) = postSolution
		{E03AA6F1-68A6-4044-B7DA-784C4A119391}.Debug|Any CPU.ActiveCfg = Debug|Any CPU
		{E03AA6F1-68A6-4044-B7DA-784C4A119391}.Debug|Any CPU.Build.0 = Debug|Any CPU
		{E03AA6F1-68A6-4044-B7DA-784C4A119391}.Release|Any CPU.ActiveCfg = Release|Any CPU
		{E03AA6F1-68A6-4044-B7DA-784C4A119391}.Release|Any CPU.Build.0 = Release|Any CPU
		{42434C43-3F4B-48BE-8B3D-073E2A295B1E}.Debug|Any CPU.ActiveCfg = Debug|Any CPU
		{42434C43-3F4B-48BE-8B3D-073E2A295B1E}.Debug|Any CPU.Build.0 = Debug|Any CPU
		{42434C43-3F4B-48BE-8B3D-073E2A295B1E}.Release|Any CPU.ActiveCfg = Release|Any CPU
		{42434C43-3F4B-48BE-8B3D-073E2A295B1E}.Release|Any CPU.Build.0 = Release|Any CPU
		{E1BC50F4-E59A-4CA7-88B9-23E6129D1C2B}.Debug|Any CPU.ActiveCfg = Debug|Any CPU
		{E1BC50F4-E59A-4CA7-88B9-23E6129D1C2B}.Debug|Any CPU.Build.0 = Debug|Any CPU
		{E1BC50F4-E59A-4CA7-88B9-23E6129D1C2B}.Debug|Any CPU.Deploy.0 = Debug|Any CPU
		{E1BC50F4-E59A-4CA7-88B9-23E6129D1C2B}.Release|Any CPU.ActiveCfg = Release|Any CPU
		{E1BC50F4-E59A-4CA7-88B9-23E6129D1C2B}.Release|Any CPU.Build.0 = Release|Any CPU
		{E1BC50F4-E59A-4CA7-88B9-23E6129D1C2B}.Release|Any CPU.Deploy.0 = Release|Any CPU
	EndGlobalSection
	GlobalSection(SolutionProperties) = preSolution
		HideSolutionNode = FALSE
	EndGlobalSection
	GlobalSection(ExtensibilityGlobals) = postSolution
		SolutionGuid = {94DB84F1-2C59-4EF9-B988-0B1BD62D6558}
	EndGlobalSection
EndGlobal
